// !$*UTF8*$!
{
	archiveVersion = 1;
	classes = {
	};
	objectVersion = 50;
	objects = {

/* Begin PBXBuildFile section */
		16915D8926B24FBB00623EEC /* Assets.xcassets in Resources */ = {isa = PBXBuildFile; fileRef = 16915D8826B24FBB00623EEC /* Assets.xcassets */; };
		16915D9026B24FBB00623EEC /* biteparty MessagesExtension.appex in Embed App Extensions */ = {isa = PBXBuildFile; fileRef = 16915D8F26B24FBB00623EEC /* biteparty MessagesExtension.appex */; settings = {ATTRIBUTES = (RemoveHeadersOnCopy, ); }; };
		16915D9526B24FBB00623EEC /* Messages.framework in Frameworks */ = {isa = PBXBuildFile; fileRef = 16915D9426B24FBB00623EEC /* Messages.framework */; };
		16915D9826B24FBB00623EEC /* MessagesViewController.swift in Sources */ = {isa = PBXBuildFile; fileRef = 16915D9726B24FBB00623EEC /* MessagesViewController.swift */; };
		16915D9B26B24FBB00623EEC /* MainInterface.storyboard in Resources */ = {isa = PBXBuildFile; fileRef = 16915D9926B24FBB00623EEC /* MainInterface.storyboard */; };
		16915D9D26B24FBC00623EEC /* Assets.xcassets in Resources */ = {isa = PBXBuildFile; fileRef = 16915D9C26B24FBC00623EEC /* Assets.xcassets */; };
/* End PBXBuildFile section */

/* Begin PBXContainerItemProxy section */
		16915D9126B24FBB00623EEC /* PBXContainerItemProxy */ = {
			isa = PBXContainerItemProxy;
			containerPortal = 16915D7F26B24FB800623EEC /* Project object */;
			proxyType = 1;
			remoteGlobalIDString = 16915D8E26B24FBB00623EEC;
			remoteInfo = "biteparty MessagesExtension";
		};
/* End PBXContainerItemProxy section */

/* Begin PBXCopyFilesBuildPhase section */
		16915DA426B24FBC00623EEC /* Embed App Extensions */ = {
			isa = PBXCopyFilesBuildPhase;
			buildActionMask = 2147483647;
			dstPath = "";
			dstSubfolderSpec = 13;
			files = (
				16915D9026B24FBB00623EEC /* biteparty MessagesExtension.appex in Embed App Extensions */,
			);
			name = "Embed App Extensions";
			runOnlyForDeploymentPostprocessing = 0;
		};
/* End PBXCopyFilesBuildPhase section */

/* Begin PBXFileReference section */
		16915D8526B24FB800623EEC /* biteparty.app */ = {isa = PBXFileReference; explicitFileType = wrapper.application; includeInIndex = 0; path = biteparty.app; sourceTree = BUILT_PRODUCTS_DIR; };
		16915D8826B24FBB00623EEC /* Assets.xcassets */ = {isa = PBXFileReference; lastKnownFileType = folder.assetcatalog; path = Assets.xcassets; sourceTree = "<group>"; };
		16915D8A26B24FBB00623EEC /* Info.plist */ = {isa = PBXFileReference; lastKnownFileType = text.plist.xml; path = Info.plist; sourceTree = "<group>"; };
		16915D8F26B24FBB00623EEC /* biteparty MessagesExtension.appex */ = {isa = PBXFileReference; explicitFileType = "wrapper.app-extension"; includeInIndex = 0; path = "biteparty MessagesExtension.appex"; sourceTree = BUILT_PRODUCTS_DIR; };
		16915D9426B24FBB00623EEC /* Messages.framework */ = {isa = PBXFileReference; lastKnownFileType = wrapper.framework; name = Messages.framework; path = System/Library/Frameworks/Messages.framework; sourceTree = SDKROOT; };
		16915D9726B24FBB00623EEC /* MessagesViewController.swift */ = {isa = PBXFileReference; lastKnownFileType = sourcecode.swift; path = MessagesViewController.swift; sourceTree = "<group>"; };
		16915D9A26B24FBB00623EEC /* Base */ = {isa = PBXFileReference; lastKnownFileType = file.storyboard; name = Base; path = Base.lproj/MainInterface.storyboard; sourceTree = "<group>"; };
		16915D9C26B24FBC00623EEC /* Assets.xcassets */ = {isa = PBXFileReference; lastKnownFileType = folder.assetcatalog; path = Assets.xcassets; sourceTree = "<group>"; };
		16915D9E26B24FBC00623EEC /* Info.plist */ = {isa = PBXFileReference; lastKnownFileType = text.plist.xml; path = Info.plist; sourceTree = "<group>"; };
/* End PBXFileReference section */

/* Begin PBXFrameworksBuildPhase section */
		16915D8C26B24FBB00623EEC /* Frameworks */ = {
			isa = PBXFrameworksBuildPhase;
			buildActionMask = 2147483647;
			files = (
				16915D9526B24FBB00623EEC /* Messages.framework in Frameworks */,
			);
			runOnlyForDeploymentPostprocessing = 0;
		};
/* End PBXFrameworksBuildPhase section */

/* Begin PBXGroup section */
		16915D7E26B24FB800623EEC = {
			isa = PBXGroup;
			children = (
				16915D8726B24FB800623EEC /* biteparty */,
				16915D9626B24FBB00623EEC /* biteparty MessagesExtension */,
				16915D9326B24FBB00623EEC /* Frameworks */,
				16915D8626B24FB800623EEC /* Products */,
			);
			sourceTree = "<group>";
		};
		16915D8626B24FB800623EEC /* Products */ = {
			isa = PBXGroup;
			children = (
				16915D8526B24FB800623EEC /* biteparty.app */,
				16915D8F26B24FBB00623EEC /* biteparty MessagesExtension.appex */,
			);
			name = Products;
			sourceTree = "<group>";
		};
		16915D8726B24FB800623EEC /* biteparty */ = {
			isa = PBXGroup;
			children = (
				16915D8826B24FBB00623EEC /* Assets.xcassets */,
				16915D8A26B24FBB00623EEC /* Info.plist */,
			);
			path = biteparty;
			sourceTree = "<group>";
		};
		16915D9326B24FBB00623EEC /* Frameworks */ = {
			isa = PBXGroup;
			children = (
				16915D9426B24FBB00623EEC /* Messages.framework */,
			);
			name = Frameworks;
			sourceTree = "<group>";
		};
		16915D9626B24FBB00623EEC /* biteparty MessagesExtension */ = {
			isa = PBXGroup;
			children = (
				16915D9726B24FBB00623EEC /* MessagesViewController.swift */,
				16915D9926B24FBB00623EEC /* MainInterface.storyboard */,
				16915D9C26B24FBC00623EEC /* Assets.xcassets */,
				16915D9E26B24FBC00623EEC /* Info.plist */,
			);
			path = "biteparty MessagesExtension";
			sourceTree = "<group>";
		};
/* End PBXGroup section */

/* Begin PBXNativeTarget section */
		16915D8426B24FB800623EEC /* biteparty */ = {
			isa = PBXNativeTarget;
			buildConfigurationList = 16915DA526B24FBC00623EEC /* Build configuration list for PBXNativeTarget "biteparty" */;
			buildPhases = (
				16915D8326B24FB800623EEC /* Resources */,
				16915DA426B24FBC00623EEC /* Embed App Extensions */,
			);
			buildRules = (
			);
			dependencies = (
				16915D9226B24FBB00623EEC /* PBXTargetDependency */,
			);
			name = biteparty;
			productName = biteparty;
			productReference = 16915D8526B24FB800623EEC /* biteparty.app */;
			productType = "com.apple.product-type.application.messages";
		};
		16915D8E26B24FBB00623EEC /* biteparty MessagesExtension */ = {
			isa = PBXNativeTarget;
			buildConfigurationList = 16915DA126B24FBC00623EEC /* Build configuration list for PBXNativeTarget "biteparty MessagesExtension" */;
			buildPhases = (
				16915D8B26B24FBB00623EEC /* Sources */,
				16915D8C26B24FBB00623EEC /* Frameworks */,
				16915D8D26B24FBB00623EEC /* Resources */,
			);
			buildRules = (
			);
			dependencies = (
			);
			name = "biteparty MessagesExtension";
			productName = "biteparty MessagesExtension";
			productReference = 16915D8F26B24FBB00623EEC /* biteparty MessagesExtension.appex */;
			productType = "com.apple.product-type.app-extension.messages";
		};
/* End PBXNativeTarget section */

/* Begin PBXProject section */
		16915D7F26B24FB800623EEC /* Project object */ = {
			isa = PBXProject;
			attributes = {
				LastSwiftUpdateCheck = 1250;
				LastUpgradeCheck = 1250;
				TargetAttributes = {
					16915D8426B24FB800623EEC = {
						CreatedOnToolsVersion = 12.5.1;
					};
					16915D8E26B24FBB00623EEC = {
						CreatedOnToolsVersion = 12.5.1;
					};
				};
			};
			buildConfigurationList = 16915D8226B24FB800623EEC /* Build configuration list for PBXProject "biteparty" */;
			compatibilityVersion = "Xcode 9.3";
			developmentRegion = en;
			hasScannedForEncodings = 0;
			knownRegions = (
				en,
				Base,
			);
			mainGroup = 16915D7E26B24FB800623EEC;
			productRefGroup = 16915D8626B24FB800623EEC /* Products */;
			projectDirPath = "";
			projectRoot = "";
			targets = (
				16915D8426B24FB800623EEC /* biteparty */,
				16915D8E26B24FBB00623EEC /* biteparty MessagesExtension */,
			);
		};
/* End PBXProject section */

/* Begin PBXResourcesBuildPhase section */
		16915D8326B24FB800623EEC /* Resources */ = {
			isa = PBXResourcesBuildPhase;
			buildActionMask = 2147483647;
			files = (
				16915D8926B24FBB00623EEC /* Assets.xcassets in Resources */,
			);
			runOnlyForDeploymentPostprocessing = 0;
		};
		16915D8D26B24FBB00623EEC /* Resources */ = {
			isa = PBXResourcesBuildPhase;
			buildActionMask = 2147483647;
			files = (
				16915D9D26B24FBC00623EEC /* Assets.xcassets in Resources */,
				16915D9B26B24FBB00623EEC /* MainInterface.storyboard in Resources */,
			);
			runOnlyForDeploymentPostprocessing = 0;
		};
/* End PBXResourcesBuildPhase section */

/* Begin PBXSourcesBuildPhase section */
		16915D8B26B24FBB00623EEC /* Sources */ = {
			isa = PBXSourcesBuildPhase;
			buildActionMask = 2147483647;
			files = (
				16915D9826B24FBB00623EEC /* MessagesViewController.swift in Sources */,
			);
			runOnlyForDeploymentPostprocessing = 0;
		};
/* End PBXSourcesBuildPhase section */

/* Begin PBXTargetDependency section */
		16915D9226B24FBB00623EEC /* PBXTargetDependency */ = {
			isa = PBXTargetDependency;
			target = 16915D8E26B24FBB00623EEC /* biteparty MessagesExtension */;
			targetProxy = 16915D9126B24FBB00623EEC /* PBXContainerItemProxy */;
		};
/* End PBXTargetDependency section */

/* Begin PBXVariantGroup section */
		16915D9926B24FBB00623EEC /* MainInterface.storyboard */ = {
			isa = PBXVariantGroup;
			children = (
				16915D9A26B24FBB00623EEC /* Base */,
			);
			name = MainInterface.storyboard;
			sourceTree = "<group>";
		};
/* End PBXVariantGroup section */

/* Begin XCBuildConfiguration section */
		16915D9F26B24FBC00623EEC /* Debug */ = {
			isa = XCBuildConfiguration;
			buildSettings = {
				ALWAYS_SEARCH_USER_PATHS = NO;
				CLANG_ANALYZER_NONNULL = YES;
				CLANG_ANALYZER_NUMBER_OBJECT_CONVERSION = YES_AGGRESSIVE;
				CLANG_CXX_LANGUAGE_STANDARD = "gnu++14";
				CLANG_CXX_LIBRARY = "libc++";
				CLANG_ENABLE_MODULES = YES;
				CLANG_ENABLE_OBJC_ARC = YES;
				CLANG_ENABLE_OBJC_WEAK = YES;
				CLANG_WARN_BLOCK_CAPTURE_AUTORELEASING = YES;
				CLANG_WARN_BOOL_CONVERSION = YES;
				CLANG_WARN_COMMA = YES;
				CLANG_WARN_CONSTANT_CONVERSION = YES;
				CLANG_WARN_DEPRECATED_OBJC_IMPLEMENTATIONS = YES;
				CLANG_WARN_DIRECT_OBJC_ISA_USAGE = YES_ERROR;
				CLANG_WARN_DOCUMENTATION_COMMENTS = YES;
				CLANG_WARN_EMPTY_BODY = YES;
				CLANG_WARN_ENUM_CONVERSION = YES;
				CLANG_WARN_INFINITE_RECURSION = YES;
				CLANG_WARN_INT_CONVERSION = YES;
				CLANG_WARN_NON_LITERAL_NULL_CONVERSION = YES;
				CLANG_WARN_OBJC_IMPLICIT_RETAIN_SELF = YES;
				CLANG_WARN_OBJC_LITERAL_CONVERSION = YES;
				CLANG_WARN_OBJC_ROOT_CLASS = YES_ERROR;
				CLANG_WARN_QUOTED_INCLUDE_IN_FRAMEWORK_HEADER = YES;
				CLANG_WARN_RANGE_LOOP_ANALYSIS = YES;
				CLANG_WARN_STRICT_PROTOTYPES = YES;
				CLANG_WARN_SUSPICIOUS_MOVE = YES;
				CLANG_WARN_UNGUARDED_AVAILABILITY = YES_AGGRESSIVE;
				CLANG_WARN_UNREACHABLE_CODE = YES;
				CLANG_WARN__DUPLICATE_METHOD_MATCH = YES;
				COPY_PHASE_STRIP = NO;
				DEBUG_INFORMATION_FORMAT = dwarf;
				ENABLE_STRICT_OBJC_MSGSEND = YES;
				ENABLE_TESTABILITY = YES;
				GCC_C_LANGUAGE_STANDARD = gnu11;
				GCC_DYNAMIC_NO_PIC = NO;
				GCC_NO_COMMON_BLOCKS = YES;
				GCC_OPTIMIZATION_LEVEL = 0;
				GCC_PREPROCESSOR_DEFINITIONS = (
					"DEBUG=1",
					"$(inherited)",
				);
				GCC_WARN_64_TO_32_BIT_CONVERSION = YES;
				GCC_WARN_ABOUT_RETURN_TYPE = YES_ERROR;
				GCC_WARN_UNDECLARED_SELECTOR = YES;
				GCC_WARN_UNINITIALIZED_AUTOS = YES_AGGRESSIVE;
				GCC_WARN_UNUSED_FUNCTION = YES;
				GCC_WARN_UNUSED_VARIABLE = YES;
				IPHONEOS_DEPLOYMENT_TARGET = 14.5;
				MTL_ENABLE_DEBUG_INFO = INCLUDE_SOURCE;
				MTL_FAST_MATH = YES;
				ONLY_ACTIVE_ARCH = YES;
				SDKROOT = iphoneos;
				SWIFT_ACTIVE_COMPILATION_CONDITIONS = DEBUG;
				SWIFT_OPTIMIZATION_LEVEL = "-Onone";
			};
			name = Debug;
		};
		16915DA026B24FBC00623EEC /* Release */ = {
			isa = XCBuildConfiguration;
			buildSettings = {
				ALWAYS_SEARCH_USER_PATHS = NO;
				CLANG_ANALYZER_NONNULL = YES;
				CLANG_ANALYZER_NUMBER_OBJECT_CONVERSION = YES_AGGRESSIVE;
				CLANG_CXX_LANGUAGE_STANDARD = "gnu++14";
				CLANG_CXX_LIBRARY = "libc++";
				CLANG_ENABLE_MODULES = YES;
				CLANG_ENABLE_OBJC_ARC = YES;
				CLANG_ENABLE_OBJC_WEAK = YES;
				CLANG_WARN_BLOCK_CAPTURE_AUTORELEASING = YES;
				CLANG_WARN_BOOL_CONVERSION = YES;
				CLANG_WARN_COMMA = YES;
				CLANG_WARN_CONSTANT_CONVERSION = YES;
				CLANG_WARN_DEPRECATED_OBJC_IMPLEMENTATIONS = YES;
				CLANG_WARN_DIRECT_OBJC_ISA_USAGE = YES_ERROR;
				CLANG_WARN_DOCUMENTATION_COMMENTS = YES;
				CLANG_WARN_EMPTY_BODY = YES;
				CLANG_WARN_ENUM_CONVERSION = YES;
				CLANG_WARN_INFINITE_RECURSION = YES;
				CLANG_WARN_INT_CONVERSION = YES;
				CLANG_WARN_NON_LITERAL_NULL_CONVERSION = YES;
				CLANG_WARN_OBJC_IMPLICIT_RETAIN_SELF = YES;
				CLANG_WARN_OBJC_LITERAL_CONVERSION = YES;
				CLANG_WARN_OBJC_ROOT_CLASS = YES_ERROR;
				CLANG_WARN_QUOTED_INCLUDE_IN_FRAMEWORK_HEADER = YES;
				CLANG_WARN_RANGE_LOOP_ANALYSIS = YES;
				CLANG_WARN_STRICT_PROTOTYPES = YES;
				CLANG_WARN_SUSPICIOUS_MOVE = YES;
				CLANG_WARN_UNGUARDED_AVAILABILITY = YES_AGGRESSIVE;
				CLANG_WARN_UNREACHABLE_CODE = YES;
				CLANG_WARN__DUPLICATE_METHOD_MATCH = YES;
				COPY_PHASE_STRIP = NO;
				DEBUG_INFORMATION_FORMAT = "dwarf-with-dsym";
				ENABLE_NS_ASSERTIONS = NO;
				ENABLE_STRICT_OBJC_MSGSEND = YES;
				GCC_C_LANGUAGE_STANDARD = gnu11;
				GCC_NO_COMMON_BLOCKS = YES;
				GCC_WARN_64_TO_32_BIT_CONVERSION = YES;
				GCC_WARN_ABOUT_RETURN_TYPE = YES_ERROR;
				GCC_WARN_UNDECLARED_SELECTOR = YES;
				GCC_WARN_UNINITIALIZED_AUTOS = YES_AGGRESSIVE;
				GCC_WARN_UNUSED_FUNCTION = YES;
				GCC_WARN_UNUSED_VARIABLE = YES;
				IPHONEOS_DEPLOYMENT_TARGET = 14.5;
				MTL_ENABLE_DEBUG_INFO = NO;
				MTL_FAST_MATH = YES;
				SDKROOT = iphoneos;
				SWIFT_COMPILATION_MODE = wholemodule;
				SWIFT_OPTIMIZATION_LEVEL = "-O";
				VALIDATE_PRODUCT = YES;
			};
			name = Release;
		};
		16915DA226B24FBC00623EEC /* Debug */ = {
			isa = XCBuildConfiguration;
			buildSettings = {
				ASSETCATALOG_COMPILER_APPICON_NAME = "iMessage App Icon";
				CODE_SIGN_STYLE = Automatic;
				DEVELOPMENT_TEAM = 2WY9J3483B;
				INFOPLIST_FILE = "biteparty MessagesExtension/Info.plist";
				LD_RUNPATH_SEARCH_PATHS = (
					"$(inherited)",
					"@executable_path/Frameworks",
					"@executable_path/../../Frameworks",
				);
				PRODUCT_BUNDLE_IDENTIFIER = kas.biteparty.MessagesExtension;
				PRODUCT_NAME = "$(TARGET_NAME)";
				SKIP_INSTALL = YES;
				SWIFT_VERSION = 5.0;
				TARGETED_DEVICE_FAMILY = "1,2";
			};
			name = Debug;
		};
		16915DA326B24FBC00623EEC /* Release */ = {
			isa = XCBuildConfiguration;
			buildSettings = {
				ASSETCATALOG_COMPILER_APPICON_NAME = "iMessage App Icon";
				CODE_SIGN_STYLE = Automatic;
				DEVELOPMENT_TEAM = 2WY9J3483B;
				INFOPLIST_FILE = "biteparty MessagesExtension/Info.plist";
				LD_RUNPATH_SEARCH_PATHS = (
					"$(inherited)",
					"@executable_path/Frameworks",
					"@executable_path/../../Frameworks",
				);
				PRODUCT_BUNDLE_IDENTIFIER = kas.biteparty.MessagesExtension;
				PRODUCT_NAME = "$(TARGET_NAME)";
				SKIP_INSTALL = YES;
				SWIFT_VERSION = 5.0;
				TARGETED_DEVICE_FAMILY = "1,2";
			};
			name = Release;
		};
		16915DA626B24FBC00623EEC /* Debug */ = {
			isa = XCBuildConfiguration;
			buildSettings = {
				ALWAYS_EMBED_SWIFT_STANDARD_LIBRARIES = YES;
				ASSETCATALOG_COMPILER_APPICON_NAME = AppIcon;
				CODE_SIGN_STYLE = Automatic;
				DEVELOPMENT_TEAM = 2WY9J3483B;
				INFOPLIST_FILE = biteparty/Info.plist;
				PRODUCT_BUNDLE_IDENTIFIER = kas.biteparty;
				PRODUCT_NAME = "$(TARGET_NAME)";
				SWIFT_VERSION = 5.0;
				TARGETED_DEVICE_FAMILY = "1,2";
			};
			name = Debug;
		};
		16915DA726B24FBC00623EEC /* Release */ = {
			isa = XCBuildConfiguration;
			buildSettings = {
				ALWAYS_EMBED_SWIFT_STANDARD_LIBRARIES = YES;
				ASSETCATALOG_COMPILER_APPICON_NAME = AppIcon;
				CODE_SIGN_STYLE = Automatic;
				DEVELOPMENT_TEAM = 2WY9J3483B;
				INFOPLIST_FILE = biteparty/Info.plist;
				PRODUCT_BUNDLE_IDENTIFIER = kas.biteparty;
				PRODUCT_NAME = "$(TARGET_NAME)";
				SWIFT_VERSION = 5.0;
				TARGETED_DEVICE_FAMILY = "1,2";
			};
			name = Release;
		};
/* End XCBuildConfiguration section */

/* Begin XCConfigurationList section */
		16915D8226B24FB800623EEC /* Build configuration list for PBXProject "biteparty" */ = {
			isa = XCConfigurationList;
			buildConfigurations = (
				16915D9F26B24FBC00623EEC /* Debug */,
				16915DA026B24FBC00623EEC /* Release */,
			);
			defaultConfigurationIsVisible = 0;
			defaultConfigurationName = Release;
		};
		16915DA126B24FBC00623EEC /* Build configuration list for PBXNativeTarget "biteparty MessagesExtension" */ = {
			isa = XCConfigurationList;
			buildConfigurations = (
				16915DA226B24FBC00623EEC /* Debug */,
				16915DA326B24FBC00623EEC /* Release */,
			);
			defaultConfigurationIsVisible = 0;
			defaultConfigurationName = Release;
		};
		16915DA526B24FBC00623EEC /* Build configuration list for PBXNativeTarget "biteparty" */ = {
			isa = XCConfigurationList;
			buildConfigurations = (
				16915DA626B24FBC00623EEC /* Debug */,
				16915DA726B24FBC00623EEC /* Release */,
			);
			defaultConfigurationIsVisible = 0;
			defaultConfigurationName = Release;
		};
/* End XCConfigurationList section */
	};
	rootObject = 16915D7F26B24FB800623EEC /* Project object */;
}
